<?xml version="1.0" encoding="UTF-8"?>
<Scheme
   version = "1.3">
   <BuildAction>
      <BuildActionEntries>
         <BuildActionEntry
            buildForRunning = "YES">
            <BuildableReference
               BuildableIdentifier = "primary"
               BlueprintIdentifier = "8769F8FD273FBD5700B8FDCF"
               BuildableName = "CafeApp_SwiftUI.app"
               BlueprintName = "CafeApp_SwiftUI"
               ReferencedContainer = "container:CafeApp_SwiftUI.xcodeproj">
            </BuildableReference>
         </BuildActionEntry>
      </BuildActionEntries>
   </BuildAction>
   <LaunchAction
      useCustomWorkingDirectory = "NO"
      buildConfiguration = "Debug"
      allowLocationSimulation = "YES">
      <BuildableProductRunnable>
         <BuildableReference
            BuildableIdentifier = "primary"
            BlueprintIdentifier = "8769F8FD273FBD5700B8FDCF"
            BuildableName = "CafeApp_SwiftUI.app"
            BlueprintName = "CafeApp_SwiftUI"
            ReferencedContainer = "container:CafeApp_SwiftUI.xcodeproj">
         </BuildableReference>
      </BuildableProductRunnable>
   </LaunchAction>
</Scheme>
